PODS:
  - appcenter (0.0.2):
    - AppCenter
    - Flutter
  - AppCenter (1.2.0):
    - AppCenter/Analytics (= 1.2.0)
    - AppCenter/Crashes (= 1.2.0)
  - AppCenter/Analytics (1.2.0):
    - AppCenter/Core
  - AppCenter/Core (1.2.0)
  - AppCenter/Crashes (1.2.0):
    - AppCenter/Core
  - appcenter_analytics (0.0.1):
    - AppCenter/Analytics
    - Flutter
  - appcenter_crashes (0.0.1):
    - AppCenter/Crashes
    - Flutter
  - Flutter (1.0.0)

DEPENDENCIES:
  - appcenter (from `.symlinks/plugins/appcenter/ios`)
  - appcenter_analytics (from `.symlinks/plugins/appcenter_analytics/ios`)
  - appcenter_crashes (from `.symlinks/plugins/appcenter_crashes/ios`)
  - Flutter (from `Flutter`)

SPEC REPOS:
  trunk:
    - AppCenter

EXTERNAL SOURCES:
  appcenter:
    :path: ".symlinks/plugins/appcenter/ios"
  appcenter_analytics:
    :path: ".symlinks/plugins/appcenter_analytics/ios"
  appcenter_crashes:
    :path: ".symlinks/plugins/appcenter_crashes/ios"
  Flutter:
    :path: Flutter

SPEC CHECKSUMS:
  AppCenter: d0b68b2a7a87ac0aed78e66f36d87fd321d0a29c
  appcenter: caf61af06e3688e7d455681236425d7efa7a24ee
  appcenter_analytics: 21bb40ff5796d62c2a6fcc7477bf076c637a64c4
  appcenter_crashes: 72f88c498144893bb98aca11846d03ce3676c199
  Flutter: 0e3d915762c693b495b44d77113d4970485de6ec

PODFILE CHECKSUM: 3dbe063e9c90a5d7c9e4e76e70a821b9e2c1d271

COCOAPODS: 1.8.4
